
Microsoft Visual Studio Solution File, Format Version 12.00
# Visual Studio 15
Project("{FAE04EC0-301F-11D3-BF4B-00C04F79EFBC}") = "NavMeshComponents", "NavMeshComponents.csproj", "{5D3E4B3E-1900-9421-7EC8-08B89264061D}"
EndProject
Project("{FAE04EC0-301F-11D3-BF4B-00C04F79EFBC}") = "Assembly-CSharp", "Assembly-CSharp.csproj", "{965BAED2-D6BC-BAAC-0081-CDDDACD8BF25}"
EndProject
Project("{FAE04EC0-301F-11D3-BF4B-00C04F79EFBC}") = "NavMeshComponentsEditor", "NavMeshComponentsEditor.csproj", "{A991A840-7372-DBBC-922E-C73D07EC3FA0}"
EndProject
Global
	GlobalSection(SolutionConfigurationPlatforms) = preSolution
		Debug|Any CPU = Debug|Any CPU
		Release|Any CPU = Release|Any CPU
	EndGlobalSection
	GlobalSection(ProjectConfigurationPlatforms) = postSolution
		{5D3E4B3E-1900-9421-7EC8-08B89264061D}.Debug|Any CPU.ActiveCfg = Debug|Any CPU
		{5D3E4B3E-1900-9421-7EC8-08B89264061D}.Debug|Any CPU.Build.0 = Debug|Any CPU
		{5D3E4B3E-1900-9421-7EC8-08B89264061D}.Release|Any CPU.ActiveCfg = Release|Any CPU
		{5D3E4B3E-1900-9421-7EC8-08B89264061D}.Release|Any CPU.Build.0 = Release|Any CPU
		{965BAED2-D6BC-BAAC-0081-CDDDACD8BF25}.Debug|Any CPU.ActiveCfg = Debug|Any CPU
		{965BAED2-D6BC-BAAC-0081-CDDDACD8BF25}.Debug|Any CPU.Build.0 = Debug|Any CPU
		{965BAED2-D6BC-BAAC-0081-CDDDACD8BF25}.Release|Any CPU.ActiveCfg = Release|Any CPU
		{965BAED2-D6BC-BAAC-0081-CDDDACD8BF25}.Release|Any CPU.Build.0 = Release|Any CPU
		{A991A840-7372-DBBC-922E-C73D07EC3FA0}.Debug|Any CPU.ActiveCfg = Debug|Any CPU
		{A991A840-7372-DBBC-922E-C73D07EC3FA0}.Debug|Any CPU.Build.0 = Debug|Any CPU
		{A991A840-7372-DBBC-922E-C73D07EC3FA0}.Release|Any CPU.ActiveCfg = Release|Any CPU
		{A991A840-7372-DBBC-922E-C73D07EC3FA0}.Release|Any CPU.Build.0 = Release|Any CPU
	EndGlobalSection
	GlobalSection(SolutionProperties) = preSolution
		HideSolutionNode = FALSE
	EndGlobalSection
EndGlobal
